Microsoft Visual Studio Solution File, Format Version 12.00
# Visual Studio 2013
VisualStudioVersion = 12.0.21005.1
MinimumVisualStudioVersion = 10.0.40219.1
Project("{FAE04EC0-301F-11D3-BF4B-00C04F79EFBC}") = "WizardGui", "WizardGui\WizardGui.csproj", "{01E3F502-4646-46FF-848F-A8416116847F}"
EndProject
Project("{FAE04EC0-301F-11D3-BF4B-00C04F79EFBC}") = "AppLocaleLib", "AppLocaleLib\AppLocaleLib.csproj", "{09112E23-1A32-4F7F-AE92-4BC9880FA1A6}"
EndProject
Project("{FAE04EC0-301F-11D3-BF4B-00C04F79EFBC}") = "ini-dotnet", "ini-dotnet\ini-dotnet\ini-dotnet.csproj", "{8250298C-4347-4C35-BBF9-775CBFB39EE1}"
EndProject
Global
	GlobalSection(SolutionConfigurationPlatforms) = preSolution
		Debug|Any CPU = Debug|Any CPU
		Release|Any CPU = Release|Any CPU
	EndGlobalSection
	GlobalSection(ProjectConfigurationPlatforms) = postSolution
		{01E3F502-4646-46FF-848F-A8416116847F}.Debug|Any CPU.ActiveCfg = Debug|Any CPU
		{01E3F502-4646-46FF-848F-A8416116847F}.Debug|Any CPU.Build.0 = Debug|Any CPU
		{01E3F502-4646-46FF-848F-A8416116847F}.Release|Any CPU.ActiveCfg = Release|Any CPU
		{01E3F502-4646-46FF-848F-A8416116847F}.Release|Any CPU.Build.0 = Release|Any CPU
		{09112E23-1A32-4F7F-AE92-4BC9880FA1A6}.Debug|Any CPU.ActiveCfg = Debug|Any CPU
		{09112E23-1A32-4F7F-AE92-4BC9880FA1A6}.Debug|Any CPU.Build.0 = Debug|Any CPU
		{09112E23-1A32-4F7F-AE92-4BC9880FA1A6}.Release|Any CPU.ActiveCfg = Release|Any CPU
		{09112E23-1A32-4F7F-AE92-4BC9880FA1A6}.Release|Any CPU.Build.0 = Release|Any CPU
		{8250298C-4347-4C35-BBF9-775CBFB39EE1}.Debug|Any CPU.ActiveCfg = Debug|Any CPU
		{8250298C-4347-4C35-BBF9-775CBFB39EE1}.Debug|Any CPU.Build.0 = Debug|Any CPU
		{8250298C-4347-4C35-BBF9-775CBFB39EE1}.Release|Any CPU.ActiveCfg = Release|Any CPU
		{8250298C-4347-4C35-BBF9-775CBFB39EE1}.Release|Any CPU.Build.0 = Release|Any CPU
	EndGlobalSection
	GlobalSection(SolutionProperties) = preSolution
		HideSolutionNode = FALSE
	EndGlobalSection
EndGlobal
